// !$*UTF8*$!
{
	archiveVersion = 1;
	classes = {
	};
	objectVersion = 56;
	objects = {

/* Begin PBXBuildFile section */
		86424D0E2B76436500F9E520 /* MainViewController.swift in Sources */ = {isa = PBXBuildFile; fileRef = 86424D0D2B76436500F9E520 /* MainViewController.swift */; };
		86424D102B76439900F9E520 /* FavoriteViewController.swift in Sources */ = {isa = PBXBuildFile; fileRef = 86424D0F2B76439900F9E520 /* FavoriteViewController.swift */; };
		86424D172B7646BB00F9E520 /* Roboto-Bold.ttf in Resources */ = {isa = PBXBuildFile; fileRef = 86424D142B7646BB00F9E520 /* Roboto-Bold.ttf */; };
		86424D182B7646BB00F9E520 /* Roboto-Medium.ttf in Resources */ = {isa = PBXBuildFile; fileRef = 86424D152B7646BB00F9E520 /* Roboto-Medium.ttf */; };
		86424D192B7646BB00F9E520 /* Roboto-Regular.ttf in Resources */ = {isa = PBXBuildFile; fileRef = 86424D162B7646BB00F9E520 /* Roboto-Regular.ttf */; };
		86424D1C2B76471200F9E520 /* UIFont + Extension.swift in Sources */ = {isa = PBXBuildFile; fileRef = 86424D1B2B76471200F9E520 /* UIFont + Extension.swift */; };
		86424D1E2B764A1500F9E520 /* UIColor + Extensions.swift in Sources */ = {isa = PBXBuildFile; fileRef = 86424D1D2B764A1500F9E520 /* UIColor + Extensions.swift */; };
		86424D202B764C1000F9E520 /* NetworkService.swift in Sources */ = {isa = PBXBuildFile; fileRef = 86424D1F2B764C1000F9E520 /* NetworkService.swift */; };
		86424D222B764CD100F9E520 /* MainPresenter.swift in Sources */ = {isa = PBXBuildFile; fileRef = 86424D212B764CD100F9E520 /* MainPresenter.swift */; };
		86424D242B764CDF00F9E520 /* MainInteractor.swift in Sources */ = {isa = PBXBuildFile; fileRef = 86424D232B764CDF00F9E520 /* MainInteractor.swift */; };
		86424D262B764CEF00F9E520 /* MainWorker.swift in Sources */ = {isa = PBXBuildFile; fileRef = 86424D252B764CEF00F9E520 /* MainWorker.swift */; };
		86424D282B76627200F9E520 /* UnsplashPhoto.swift in Sources */ = {isa = PBXBuildFile; fileRef = 86424D272B76627200F9E520 /* UnsplashPhoto.swift */; };
		86424D2C2B7667C000F9E520 /* MainView.swift in Sources */ = {isa = PBXBuildFile; fileRef = 86424D2B2B7667C000F9E520 /* MainView.swift */; };
		86424D2E2B7667CD00F9E520 /* MainCollectionViewCell.swift in Sources */ = {isa = PBXBuildFile; fileRef = 86424D2D2B7667CD00F9E520 /* MainCollectionViewCell.swift */; };
		86424D302B7681FD00F9E520 /* Configuration.swift in Sources */ = {isa = PBXBuildFile; fileRef = 86424D2F2B7681FD00F9E520 /* Configuration.swift */; };
		86424D342B76869F00F9E520 /* UIImageView + Extension.swift in Sources */ = {isa = PBXBuildFile; fileRef = 86424D332B76869F00F9E520 /* UIImageView + Extension.swift */; };
		86424D372B768ABC00F9E520 /* SceneFactory.swift in Sources */ = {isa = PBXBuildFile; fileRef = 86424D362B768ABC00F9E520 /* SceneFactory.swift */; };
		86491BD12B75398100FF3628 /* AppDelegate.swift in Sources */ = {isa = PBXBuildFile; fileRef = 86491BD02B75398100FF3628 /* AppDelegate.swift */; };
		86491BD32B75398100FF3628 /* SceneDelegate.swift in Sources */ = {isa = PBXBuildFile; fileRef = 86491BD22B75398100FF3628 /* SceneDelegate.swift */; };
		86491BDA2B75398200FF3628 /* Assets.xcassets in Resources */ = {isa = PBXBuildFile; fileRef = 86491BD92B75398200FF3628 /* Assets.xcassets */; };
		86491BDD2B75398200FF3628 /* LaunchScreen.storyboard in Resources */ = {isa = PBXBuildFile; fileRef = 86491BDB2B75398200FF3628 /* LaunchScreen.storyboard */; };
		86491BF52B7557C100FF3628 /* MainTabBarController.swift in Sources */ = {isa = PBXBuildFile; fileRef = 86491BF42B7557C100FF3628 /* MainTabBarController.swift */; };
		9915F94040F0D63B2C922D6E /* Pods_UnsplashFoto.framework in Frameworks */ = {isa = PBXBuildFile; fileRef = 463C18220CD35CEEB13A990A /* Pods_UnsplashFoto.framework */; };
/* End PBXBuildFile section */

/* Begin PBXFileReference section */
		463C18220CD35CEEB13A990A /* Pods_UnsplashFoto.framework */ = {isa = PBXFileReference; explicitFileType = wrapper.framework; includeInIndex = 0; path = Pods_UnsplashFoto.framework; sourceTree = BUILT_PRODUCTS_DIR; };
		86424D0D2B76436500F9E520 /* MainViewController.swift */ = {isa = PBXFileReference; lastKnownFileType = sourcecode.swift; path = MainViewController.swift; sourceTree = "<group>"; };
		86424D0F2B76439900F9E520 /* FavoriteViewController.swift */ = {isa = PBXFileReference; lastKnownFileType = sourcecode.swift; path = FavoriteViewController.swift; sourceTree = "<group>"; };
		86424D142B7646BB00F9E520 /* Roboto-Bold.ttf */ = {isa = PBXFileReference; lastKnownFileType = file; path = "Roboto-Bold.ttf"; sourceTree = "<group>"; };
		86424D152B7646BB00F9E520 /* Roboto-Medium.ttf */ = {isa = PBXFileReference; lastKnownFileType = file; path = "Roboto-Medium.ttf"; sourceTree = "<group>"; };
		86424D162B7646BB00F9E520 /* Roboto-Regular.ttf */ = {isa = PBXFileReference; lastKnownFileType = file; path = "Roboto-Regular.ttf"; sourceTree = "<group>"; };
		86424D1B2B76471200F9E520 /* UIFont + Extension.swift */ = {isa = PBXFileReference; lastKnownFileType = sourcecode.swift; path = "UIFont + Extension.swift"; sourceTree = "<group>"; };
		86424D1D2B764A1500F9E520 /* UIColor + Extensions.swift */ = {isa = PBXFileReference; lastKnownFileType = sourcecode.swift; path = "UIColor + Extensions.swift"; sourceTree = "<group>"; };
		86424D1F2B764C1000F9E520 /* NetworkService.swift */ = {isa = PBXFileReference; lastKnownFileType = sourcecode.swift; path = NetworkService.swift; sourceTree = "<group>"; };
		86424D212B764CD100F9E520 /* MainPresenter.swift */ = {isa = PBXFileReference; lastKnownFileType = sourcecode.swift; path = MainPresenter.swift; sourceTree = "<group>"; };
		86424D232B764CDF00F9E520 /* MainInteractor.swift */ = {isa = PBXFileReference; lastKnownFileType = sourcecode.swift; path = MainInteractor.swift; sourceTree = "<group>"; };
		86424D252B764CEF00F9E520 /* MainWorker.swift */ = {isa = PBXFileReference; lastKnownFileType = sourcecode.swift; path = MainWorker.swift; sourceTree = "<group>"; };
		86424D272B76627200F9E520 /* UnsplashPhoto.swift */ = {isa = PBXFileReference; lastKnownFileType = sourcecode.swift; path = UnsplashPhoto.swift; sourceTree = "<group>"; };
		86424D2B2B7667C000F9E520 /* MainView.swift */ = {isa = PBXFileReference; lastKnownFileType = sourcecode.swift; path = MainView.swift; sourceTree = "<group>"; };
		86424D2D2B7667CD00F9E520 /* MainCollectionViewCell.swift */ = {isa = PBXFileReference; lastKnownFileType = sourcecode.swift; path = MainCollectionViewCell.swift; sourceTree = "<group>"; };
		86424D2F2B7681FD00F9E520 /* Configuration.swift */ = {isa = PBXFileReference; lastKnownFileType = sourcecode.swift; path = Configuration.swift; sourceTree = "<group>"; };
		86424D332B76869F00F9E520 /* UIImageView + Extension.swift */ = {isa = PBXFileReference; lastKnownFileType = sourcecode.swift; path = "UIImageView + Extension.swift"; sourceTree = "<group>"; };
		86424D362B768ABC00F9E520 /* SceneFactory.swift */ = {isa = PBXFileReference; lastKnownFileType = sourcecode.swift; path = SceneFactory.swift; sourceTree = "<group>"; };
		86491BCD2B75398100FF3628 /* UnsplashFoto.app */ = {isa = PBXFileReference; explicitFileType = wrapper.application; includeInIndex = 0; path = UnsplashFoto.app; sourceTree = BUILT_PRODUCTS_DIR; };
		86491BD02B75398100FF3628 /* AppDelegate.swift */ = {isa = PBXFileReference; lastKnownFileType = sourcecode.swift; path = AppDelegate.swift; sourceTree = "<group>"; };
		86491BD22B75398100FF3628 /* SceneDelegate.swift */ = {isa = PBXFileReference; lastKnownFileType = sourcecode.swift; path = SceneDelegate.swift; sourceTree = "<group>"; };
		86491BD92B75398200FF3628 /* Assets.xcassets */ = {isa = PBXFileReference; lastKnownFileType = folder.assetcatalog; path = Assets.xcassets; sourceTree = "<group>"; };
		86491BDC2B75398200FF3628 /* Base */ = {isa = PBXFileReference; lastKnownFileType = file.storyboard; name = Base; path = Base.lproj/LaunchScreen.storyboard; sourceTree = "<group>"; };
		86491BDE2B75398200FF3628 /* Info.plist */ = {isa = PBXFileReference; lastKnownFileType = text.plist.xml; path = Info.plist; sourceTree = "<group>"; };
		86491BF42B7557C100FF3628 /* MainTabBarController.swift */ = {isa = PBXFileReference; lastKnownFileType = sourcecode.swift; path = MainTabBarController.swift; sourceTree = "<group>"; };
		B8B923249497B13E5087539A /* Pods-UnsplashFoto.debug.xcconfig */ = {isa = PBXFileReference; includeInIndex = 1; lastKnownFileType = text.xcconfig; name = "Pods-UnsplashFoto.debug.xcconfig"; path = "Target Support Files/Pods-UnsplashFoto/Pods-UnsplashFoto.debug.xcconfig"; sourceTree = "<group>"; };
		F0FF8A20F3E96882652C35FC /* Pods-UnsplashFoto.release.xcconfig */ = {isa = PBXFileReference; includeInIndex = 1; lastKnownFileType = text.xcconfig; name = "Pods-UnsplashFoto.release.xcconfig"; path = "Target Support Files/Pods-UnsplashFoto/Pods-UnsplashFoto.release.xcconfig"; sourceTree = "<group>"; };
/* End PBXFileReference section */

/* Begin PBXFrameworksBuildPhase section */
		86491BCA2B75398100FF3628 /* Frameworks */ = {
			isa = PBXFrameworksBuildPhase;
			buildActionMask = 2147483647;
			files = (
				9915F94040F0D63B2C922D6E /* Pods_UnsplashFoto.framework in Frameworks */,
			);
			runOnlyForDeploymentPostprocessing = 0;
		};
/* End PBXFrameworksBuildPhase section */

/* Begin PBXGroup section */
		30FEF8B4B7AB943D5840A33A /* Frameworks */ = {
			isa = PBXGroup;
			children = (
				463C18220CD35CEEB13A990A /* Pods_UnsplashFoto.framework */,
			);
			name = Frameworks;
			sourceTree = "<group>";
		};
		86424D112B76439D00F9E520 /* Main */ = {
			isa = PBXGroup;
			children = (
				86424D292B7667A200F9E520 /* Views */,
				86424D0D2B76436500F9E520 /* MainViewController.swift */,
				86424D212B764CD100F9E520 /* MainPresenter.swift */,
				86424D232B764CDF00F9E520 /* MainInteractor.swift */,
				86424D252B764CEF00F9E520 /* MainWorker.swift */,
			);
			path = Main;
			sourceTree = "<group>";
		};
		86424D122B7643A300F9E520 /* Favorite */ = {
			isa = PBXGroup;
			children = (
				86424D0F2B76439900F9E520 /* FavoriteViewController.swift */,
			);
			path = Favorite;
			sourceTree = "<group>";
		};
		86424D132B7646AF00F9E520 /* Fonts */ = {
			isa = PBXGroup;
			children = (
				86424D142B7646BB00F9E520 /* Roboto-Bold.ttf */,
				86424D152B7646BB00F9E520 /* Roboto-Medium.ttf */,
				86424D162B7646BB00F9E520 /* Roboto-Regular.ttf */,
			);
			path = Fonts;
			sourceTree = "<group>";
		};
		86424D1A2B7646FA00F9E520 /* Repeatable */ = {
			isa = PBXGroup;
			children = (
				86424D1B2B76471200F9E520 /* UIFont + Extension.swift */,
				86424D1D2B764A1500F9E520 /* UIColor + Extensions.swift */,
			);
			path = Repeatable;
			sourceTree = "<group>";
		};
		86424D292B7667A200F9E520 /* Views */ = {
			isa = PBXGroup;
			children = (
				86424D2A2B7667AE00F9E520 /* Cells */,
				86424D2B2B7667C000F9E520 /* MainView.swift */,
			);
			path = Views;
			sourceTree = "<group>";
		};
		86424D2A2B7667AE00F9E520 /* Cells */ = {
			isa = PBXGroup;
			children = (
				86424D2D2B7667CD00F9E520 /* MainCollectionViewCell.swift */,
			);
			path = Cells;
			sourceTree = "<group>";
		};
		86424D322B76868100F9E520 /* UIKit */ = {
			isa = PBXGroup;
			children = (
				86424D332B76869F00F9E520 /* UIImageView + Extension.swift */,
			);
			path = UIKit;
			sourceTree = "<group>";
		};
		86424D352B768AAA00F9E520 /* SceneFactory */ = {
			isa = PBXGroup;
			children = (
				86424D362B768ABC00F9E520 /* SceneFactory.swift */,
			);
			path = SceneFactory;
			sourceTree = "<group>";
		};
		86491BC42B75398100FF3628 = {
			isa = PBXGroup;
			children = (
				86491BCF2B75398100FF3628 /* UnsplashFoto */,
				86491BCE2B75398100FF3628 /* Products */,
				D6C5D2F289C96A68B368198A /* Pods */,
				30FEF8B4B7AB943D5840A33A /* Frameworks */,
			);
			sourceTree = "<group>";
		};
		86491BCE2B75398100FF3628 /* Products */ = {
			isa = PBXGroup;
			children = (
				86491BCD2B75398100FF3628 /* UnsplashFoto.app */,
			);
			name = Products;
			sourceTree = "<group>";
		};
		86491BCF2B75398100FF3628 /* UnsplashFoto */ = {
			isa = PBXGroup;
			children = (
				86491BEB2B7555E800FF3628 /* Application */,
				86491BEE2B75561100FF3628 /* APIManagers */,
				86491BF12B75561100FF3628 /* Scenes */,
				86491BF32B75579200FF3628 /* NavigationModule */,
				86491BED2B75561100FF3628 /* UIConstants */,
				86491BF22B75562300FF3628 /* SupportingFiles */,
			);
			path = UnsplashFoto;
			sourceTree = "<group>";
		};
		86491BEB2B7555E800FF3628 /* Application */ = {
			isa = PBXGroup;
			children = (
				86491BD02B75398100FF3628 /* AppDelegate.swift */,
				86491BD22B75398100FF3628 /* SceneDelegate.swift */,
			);
			path = Application;
			sourceTree = "<group>";
		};
		86491BED2B75561100FF3628 /* UIConstants */ = {
			isa = PBXGroup;
			children = (
				86424D322B76868100F9E520 /* UIKit */,
				86424D1A2B7646FA00F9E520 /* Repeatable */,
			);
			path = UIConstants;
			sourceTree = "<group>";
		};
		86491BEE2B75561100FF3628 /* APIManagers */ = {
			isa = PBXGroup;
			children = (
				86491BEF2B75561100FF3628 /* Netwroks */,
				86491BF02B75561100FF3628 /* APIModels */,
			);
			path = APIManagers;
			sourceTree = "<group>";
		};
		86491BEF2B75561100FF3628 /* Netwroks */ = {
			isa = PBXGroup;
			children = (
				86424D1F2B764C1000F9E520 /* NetworkService.swift */,
				86424D2F2B7681FD00F9E520 /* Configuration.swift */,
			);
			path = Netwroks;
			sourceTree = "<group>";
		};
		86491BF02B75561100FF3628 /* APIModels */ = {
			isa = PBXGroup;
			children = (
				86424D272B76627200F9E520 /* UnsplashPhoto.swift */,
			);
			path = APIModels;
			sourceTree = "<group>";
		};
		86491BF12B75561100FF3628 /* Scenes */ = {
			isa = PBXGroup;
			children = (
				86424D112B76439D00F9E520 /* Main */,
				86424D122B7643A300F9E520 /* Favorite */,
				86424D352B768AAA00F9E520 /* SceneFactory */,
			);
			path = Scenes;
			sourceTree = "<group>";
		};
		86491BF22B75562300FF3628 /* SupportingFiles */ = {
			isa = PBXGroup;
			children = (
				86424D132B7646AF00F9E520 /* Fonts */,
				86491BDE2B75398200FF3628 /* Info.plist */,
				86491BD92B75398200FF3628 /* Assets.xcassets */,
				86491BDB2B75398200FF3628 /* LaunchScreen.storyboard */,
			);
			path = SupportingFiles;
			sourceTree = "<group>";
		};
		86491BF32B75579200FF3628 /* NavigationModule */ = {
			isa = PBXGroup;
			children = (
				86491BF42B7557C100FF3628 /* MainTabBarController.swift */,
			);
			path = NavigationModule;
			sourceTree = "<group>";
		};
		D6C5D2F289C96A68B368198A /* Pods */ = {
			isa = PBXGroup;
			children = (
				B8B923249497B13E5087539A /* Pods-UnsplashFoto.debug.xcconfig */,
				F0FF8A20F3E96882652C35FC /* Pods-UnsplashFoto.release.xcconfig */,
			);
			path = Pods;
			sourceTree = "<group>";
		};
/* End PBXGroup section */

/* Begin PBXNativeTarget section */
		86491BCC2B75398100FF3628 /* UnsplashFoto */ = {
			isa = PBXNativeTarget;
			buildConfigurationList = 86491BE12B75398200FF3628 /* Build configuration list for PBXNativeTarget "UnsplashFoto" */;
			buildPhases = (
				0FB66854264704594D9AE5B5 /* [CP] Check Pods Manifest.lock */,
				86491BC92B75398100FF3628 /* Sources */,
				86491BCA2B75398100FF3628 /* Frameworks */,
				86491BCB2B75398100FF3628 /* Resources */,
				0BDC5FD8117AA5303B9F6A22 /* [CP] Embed Pods Frameworks */,
			);
			buildRules = (
			);
			dependencies = (
			);
			name = UnsplashFoto;
			productName = UnsplashFoto;
			productReference = 86491BCD2B75398100FF3628 /* UnsplashFoto.app */;
			productType = "com.apple.product-type.application";
		};
/* End PBXNativeTarget section */

/* Begin PBXProject section */
		86491BC52B75398100FF3628 /* Project object */ = {
			isa = PBXProject;
			attributes = {
				BuildIndependentTargetsInParallel = 1;
				LastSwiftUpdateCheck = 1430;
				LastUpgradeCheck = 1430;
				TargetAttributes = {
					86491BCC2B75398100FF3628 = {
						CreatedOnToolsVersion = 14.3.1;
					};
				};
			};
			buildConfigurationList = 86491BC82B75398100FF3628 /* Build configuration list for PBXProject "UnsplashFoto" */;
			compatibilityVersion = "Xcode 14.0";
			developmentRegion = en;
			hasScannedForEncodings = 0;
			knownRegions = (
				en,
				Base,
			);
			mainGroup = 86491BC42B75398100FF3628;
			productRefGroup = 86491BCE2B75398100FF3628 /* Products */;
			projectDirPath = "";
			projectRoot = "";
			targets = (
				86491BCC2B75398100FF3628 /* UnsplashFoto */,
			);
		};
/* End PBXProject section */

/* Begin PBXResourcesBuildPhase section */
		86491BCB2B75398100FF3628 /* Resources */ = {
			isa = PBXResourcesBuildPhase;
			buildActionMask = 2147483647;
			files = (
				86424D182B7646BB00F9E520 /* Roboto-Medium.ttf in Resources */,
				86491BDD2B75398200FF3628 /* LaunchScreen.storyboard in Resources */,
				86424D192B7646BB00F9E520 /* Roboto-Regular.ttf in Resources */,
				86491BDA2B75398200FF3628 /* Assets.xcassets in Resources */,
				86424D172B7646BB00F9E520 /* Roboto-Bold.ttf in Resources */,
			);
			runOnlyForDeploymentPostprocessing = 0;
		};
/* End PBXResourcesBuildPhase section */

/* Begin PBXShellScriptBuildPhase section */
		0BDC5FD8117AA5303B9F6A22 /* [CP] Embed Pods Frameworks */ = {
			isa = PBXShellScriptBuildPhase;
			buildActionMask = 2147483647;
			files = (
			);
			inputFileListPaths = (
				"${PODS_ROOT}/Target Support Files/Pods-UnsplashFoto/Pods-UnsplashFoto-frameworks-${CONFIGURATION}-input-files.xcfilelist",
			);
			name = "[CP] Embed Pods Frameworks";
			outputFileListPaths = (
				"${PODS_ROOT}/Target Support Files/Pods-UnsplashFoto/Pods-UnsplashFoto-frameworks-${CONFIGURATION}-output-files.xcfilelist",
			);
			runOnlyForDeploymentPostprocessing = 0;
			shellPath = /bin/sh;
			shellScript = "\"${PODS_ROOT}/Target Support Files/Pods-UnsplashFoto/Pods-UnsplashFoto-frameworks.sh\"\n";
			showEnvVarsInLog = 0;
		};
		0FB66854264704594D9AE5B5 /* [CP] Check Pods Manifest.lock */ = {
			isa = PBXShellScriptBuildPhase;
			buildActionMask = 2147483647;
			files = (
			);
			inputFileListPaths = (
			);
			inputPaths = (
				"${PODS_PODFILE_DIR_PATH}/Podfile.lock",
				"${PODS_ROOT}/Manifest.lock",
			);
			name = "[CP] Check Pods Manifest.lock";
			outputFileListPaths = (
			);
			outputPaths = (
				"$(DERIVED_FILE_DIR)/Pods-UnsplashFoto-checkManifestLockResult.txt",
			);
			runOnlyForDeploymentPostprocessing = 0;
			shellPath = /bin/sh;
			shellScript = "diff \"${PODS_PODFILE_DIR_PATH}/Podfile.lock\" \"${PODS_ROOT}/Manifest.lock\" > /dev/null\nif [ $? != 0 ] ; then\n    # print error to STDERR\n    echo \"error: The sandbox is not in sync with the Podfile.lock. Run 'pod install' or update your CocoaPods installation.\" >&2\n    exit 1\nfi\n# This output is used by Xcode 'outputs' to avoid re-running this script phase.\necho \"SUCCESS\" > \"${SCRIPT_OUTPUT_FILE_0}\"\n";
			showEnvVarsInLog = 0;
		};
/* End PBXShellScriptBuildPhase section */

/* Begin PBXSourcesBuildPhase section */
		86491BC92B75398100FF3628 /* Sources */ = {
			isa = PBXSourcesBuildPhase;
			buildActionMask = 2147483647;
			files = (
				86424D1C2B76471200F9E520 /* UIFont + Extension.swift in Sources */,
				86424D2C2B7667C000F9E520 /* MainView.swift in Sources */,
				86491BD12B75398100FF3628 /* AppDelegate.swift in Sources */,
				86424D202B764C1000F9E520 /* NetworkService.swift in Sources */,
				86424D242B764CDF00F9E520 /* MainInteractor.swift in Sources */,
				86491BD32B75398100FF3628 /* SceneDelegate.swift in Sources */,
				86424D302B7681FD00F9E520 /* Configuration.swift in Sources */,
				86424D222B764CD100F9E520 /* MainPresenter.swift in Sources */,
				86424D282B76627200F9E520 /* UnsplashPhoto.swift in Sources */,
				86424D2E2B7667CD00F9E520 /* MainCollectionViewCell.swift in Sources */,
				86424D372B768ABC00F9E520 /* SceneFactory.swift in Sources */,
				86491BF52B7557C100FF3628 /* MainTabBarController.swift in Sources */,
				86424D1E2B764A1500F9E520 /* UIColor + Extensions.swift in Sources */,
				86424D342B76869F00F9E520 /* UIImageView + Extension.swift in Sources */,
				86424D0E2B76436500F9E520 /* MainViewController.swift in Sources */,
				86424D262B764CEF00F9E520 /* MainWorker.swift in Sources */,
				86424D102B76439900F9E520 /* FavoriteViewController.swift in Sources */,
			);
			runOnlyForDeploymentPostprocessing = 0;
		};
/* End PBXSourcesBuildPhase section */

/* Begin PBXVariantGroup section */
		86491BDB2B75398200FF3628 /* LaunchScreen.storyboard */ = {
			isa = PBXVariantGroup;
			children = (
				86491BDC2B75398200FF3628 /* Base */,
			);
			name = LaunchScreen.storyboard;
			sourceTree = "<group>";
		};
/* End PBXVariantGroup section */

/* Begin XCBuildConfiguration section */
		86491BDF2B75398200FF3628 /* Debug */ = {
			isa = XCBuildConfiguration;
			buildSettings = {
				ALWAYS_SEARCH_USER_PATHS = NO;
				CLANG_ANALYZER_NONNULL = YES;
				CLANG_ANALYZER_NUMBER_OBJECT_CONVERSION = YES_AGGRESSIVE;
				CLANG_CXX_LANGUAGE_STANDARD = "gnu++20";
				CLANG_ENABLE_MODULES = YES;
				CLANG_ENABLE_OBJC_ARC = YES;
				CLANG_ENABLE_OBJC_WEAK = YES;
				CLANG_WARN_BLOCK_CAPTURE_AUTORELEASING = YES;
				CLANG_WARN_BOOL_CONVERSION = YES;
				CLANG_WARN_COMMA = YES;
				CLANG_WARN_CONSTANT_CONVERSION = YES;
				CLANG_WARN_DEPRECATED_OBJC_IMPLEMENTATIONS = YES;
				CLANG_WARN_DIRECT_OBJC_ISA_USAGE = YES_ERROR;
				CLANG_WARN_DOCUMENTATION_COMMENTS = YES;
				CLANG_WARN_EMPTY_BODY = YES;
				CLANG_WARN_ENUM_CONVERSION = YES;
				CLANG_WARN_INFINITE_RECURSION = YES;
				CLANG_WARN_INT_CONVERSION = YES;
				CLANG_WARN_NON_LITERAL_NULL_CONVERSION = YES;
				CLANG_WARN_OBJC_IMPLICIT_RETAIN_SELF = YES;
				CLANG_WARN_OBJC_LITERAL_CONVERSION = YES;
				CLANG_WARN_OBJC_ROOT_CLASS = YES_ERROR;
				CLANG_WARN_QUOTED_INCLUDE_IN_FRAMEWORK_HEADER = YES;
				CLANG_WARN_RANGE_LOOP_ANALYSIS = YES;
				CLANG_WARN_STRICT_PROTOTYPES = YES;
				CLANG_WARN_SUSPICIOUS_MOVE = YES;
				CLANG_WARN_UNGUARDED_AVAILABILITY = YES_AGGRESSIVE;
				CLANG_WARN_UNREACHABLE_CODE = YES;
				CLANG_WARN__DUPLICATE_METHOD_MATCH = YES;
				COPY_PHASE_STRIP = NO;
				DEBUG_INFORMATION_FORMAT = dwarf;
				ENABLE_STRICT_OBJC_MSGSEND = YES;
				ENABLE_TESTABILITY = YES;
				GCC_C_LANGUAGE_STANDARD = gnu11;
				GCC_DYNAMIC_NO_PIC = NO;
				GCC_NO_COMMON_BLOCKS = YES;
				GCC_OPTIMIZATION_LEVEL = 0;
				GCC_PREPROCESSOR_DEFINITIONS = (
					"DEBUG=1",
					"$(inherited)",
				);
				GCC_WARN_64_TO_32_BIT_CONVERSION = YES;
				GCC_WARN_ABOUT_RETURN_TYPE = YES_ERROR;
				GCC_WARN_UNDECLARED_SELECTOR = YES;
				GCC_WARN_UNINITIALIZED_AUTOS = YES_AGGRESSIVE;
				GCC_WARN_UNUSED_FUNCTION = YES;
				GCC_WARN_UNUSED_VARIABLE = YES;
				IPHONEOS_DEPLOYMENT_TARGET = 16.4;
				MTL_ENABLE_DEBUG_INFO = INCLUDE_SOURCE;
				MTL_FAST_MATH = YES;
				ONLY_ACTIVE_ARCH = YES;
				SDKROOT = iphoneos;
				SWIFT_ACTIVE_COMPILATION_CONDITIONS = DEBUG;
				SWIFT_OPTIMIZATION_LEVEL = "-Onone";
			};
			name = Debug;
		};
		86491BE02B75398200FF3628 /* Release */ = {
			isa = XCBuildConfiguration;
			buildSettings = {
				ALWAYS_SEARCH_USER_PATHS = NO;
				CLANG_ANALYZER_NONNULL = YES;
				CLANG_ANALYZER_NUMBER_OBJECT_CONVERSION = YES_AGGRESSIVE;
				CLANG_CXX_LANGUAGE_STANDARD = "gnu++20";
				CLANG_ENABLE_MODULES = YES;
				CLANG_ENABLE_OBJC_ARC = YES;
				CLANG_ENABLE_OBJC_WEAK = YES;
				CLANG_WARN_BLOCK_CAPTURE_AUTORELEASING = YES;
				CLANG_WARN_BOOL_CONVERSION = YES;
				CLANG_WARN_COMMA = YES;
				CLANG_WARN_CONSTANT_CONVERSION = YES;
				CLANG_WARN_DEPRECATED_OBJC_IMPLEMENTATIONS = YES;
				CLANG_WARN_DIRECT_OBJC_ISA_USAGE = YES_ERROR;
				CLANG_WARN_DOCUMENTATION_COMMENTS = YES;
				CLANG_WARN_EMPTY_BODY = YES;
				CLANG_WARN_ENUM_CONVERSION = YES;
				CLANG_WARN_INFINITE_RECURSION = YES;
				CLANG_WARN_INT_CONVERSION = YES;
				CLANG_WARN_NON_LITERAL_NULL_CONVERSION = YES;
				CLANG_WARN_OBJC_IMPLICIT_RETAIN_SELF = YES;
				CLANG_WARN_OBJC_LITERAL_CONVERSION = YES;
				CLANG_WARN_OBJC_ROOT_CLASS = YES_ERROR;
				CLANG_WARN_QUOTED_INCLUDE_IN_FRAMEWORK_HEADER = YES;
				CLANG_WARN_RANGE_LOOP_ANALYSIS = YES;
				CLANG_WARN_STRICT_PROTOTYPES = YES;
				CLANG_WARN_SUSPICIOUS_MOVE = YES;
				CLANG_WARN_UNGUARDED_AVAILABILITY = YES_AGGRESSIVE;
				CLANG_WARN_UNREACHABLE_CODE = YES;
				CLANG_WARN__DUPLICATE_METHOD_MATCH = YES;
				COPY_PHASE_STRIP = NO;
				DEBUG_INFORMATION_FORMAT = "dwarf-with-dsym";
				ENABLE_NS_ASSERTIONS = NO;
				ENABLE_STRICT_OBJC_MSGSEND = YES;
				GCC_C_LANGUAGE_STANDARD = gnu11;
				GCC_NO_COMMON_BLOCKS = YES;
				GCC_WARN_64_TO_32_BIT_CONVERSION = YES;
				GCC_WARN_ABOUT_RETURN_TYPE = YES_ERROR;
				GCC_WARN_UNDECLARED_SELECTOR = YES;
				GCC_WARN_UNINITIALIZED_AUTOS = YES_AGGRESSIVE;
				GCC_WARN_UNUSED_FUNCTION = YES;
				GCC_WARN_UNUSED_VARIABLE = YES;
				IPHONEOS_DEPLOYMENT_TARGET = 16.4;
				MTL_ENABLE_DEBUG_INFO = NO;
				MTL_FAST_MATH = YES;
				SDKROOT = iphoneos;
				SWIFT_COMPILATION_MODE = wholemodule;
				SWIFT_OPTIMIZATION_LEVEL = "-O";
				VALIDATE_PRODUCT = YES;
			};
			name = Release;
		};
		86491BE22B75398200FF3628 /* Debug */ = {
			isa = XCBuildConfiguration;
			baseConfigurationReference = B8B923249497B13E5087539A /* Pods-UnsplashFoto.debug.xcconfig */;
			buildSettings = {
				ASSETCATALOG_COMPILER_APPICON_NAME = AppIcon;
				ASSETCATALOG_COMPILER_GLOBAL_ACCENT_COLOR_NAME = AccentColor;
				CODE_SIGN_STYLE = Automatic;
				CURRENT_PROJECT_VERSION = 1;
				DEVELOPMENT_TEAM = 5MT2PBNQ85;
				GENERATE_INFOPLIST_FILE = YES;
				INFOPLIST_FILE = UnsplashFoto/SupportingFiles/Info.plist;
				INFOPLIST_KEY_UIApplicationSupportsIndirectInputEvents = YES;
				INFOPLIST_KEY_UILaunchStoryboardName = LaunchScreen;
				INFOPLIST_KEY_UISupportedInterfaceOrientations_iPad = "UIInterfaceOrientationPortrait UIInterfaceOrientationPortraitUpsideDown UIInterfaceOrientationLandscapeLeft UIInterfaceOrientationLandscapeRight";
				INFOPLIST_KEY_UISupportedInterfaceOrientations_iPhone = "UIInterfaceOrientationPortrait UIInterfaceOrientationLandscapeLeft UIInterfaceOrientationLandscapeRight";
				LD_RUNPATH_SEARCH_PATHS = (
					"$(inherited)",
					"@executable_path/Frameworks",
				);
				MARKETING_VERSION = 1.0;
				PRODUCT_BUNDLE_IDENTIFIER = com.zcredi.UnsplashFoto;
				PRODUCT_NAME = "$(TARGET_NAME)";
				SUPPORTED_PLATFORMS = "iphoneos iphonesimulator";
				SUPPORTS_MACCATALYST = NO;
				SUPPORTS_MAC_DESIGNED_FOR_IPHONE_IPAD = NO;
				SWIFT_EMIT_LOC_STRINGS = YES;
				SWIFT_VERSION = 5.0;
				TARGETED_DEVICE_FAMILY = 1;
			};
			name = Debug;
		};
		86491BE32B75398200FF3628 /* Release */ = {
			isa = XCBuildConfiguration;
			baseConfigurationReference = F0FF8A20F3E96882652C35FC /* Pods-UnsplashFoto.release.xcconfig */;
			buildSettings = {
				ASSETCATALOG_COMPILER_APPICON_NAME = AppIcon;
				ASSETCATALOG_COMPILER_GLOBAL_ACCENT_COLOR_NAME = AccentColor;
				CODE_SIGN_STYLE = Automatic;
				CURRENT_PROJECT_VERSION = 1;
				DEVELOPMENT_TEAM = 5MT2PBNQ85;
				GENERATE_INFOPLIST_FILE = YES;
				INFOPLIST_FILE = UnsplashFoto/SupportingFiles/Info.plist;
				INFOPLIST_KEY_UIApplicationSupportsIndirectInputEvents = YES;
				INFOPLIST_KEY_UILaunchStoryboardName = LaunchScreen;
				INFOPLIST_KEY_UISupportedInterfaceOrientations_iPad = "UIInterfaceOrientationPortrait UIInterfaceOrientationPortraitUpsideDown UIInterfaceOrientationLandscapeLeft UIInterfaceOrientationLandscapeRight";
				INFOPLIST_KEY_UISupportedInterfaceOrientations_iPhone = "UIInterfaceOrientationPortrait UIInterfaceOrientationLandscapeLeft UIInterfaceOrientationLandscapeRight";
				LD_RUNPATH_SEARCH_PATHS = (
					"$(inherited)",
					"@executable_path/Frameworks",
				);
				MARKETING_VERSION = 1.0;
				PRODUCT_BUNDLE_IDENTIFIER = com.zcredi.UnsplashFoto;
				PRODUCT_NAME = "$(TARGET_NAME)";
				SUPPORTED_PLATFORMS = "iphoneos iphonesimulator";
				SUPPORTS_MACCATALYST = NO;
				SUPPORTS_MAC_DESIGNED_FOR_IPHONE_IPAD = NO;
				SWIFT_EMIT_LOC_STRINGS = YES;
				SWIFT_VERSION = 5.0;
				TARGETED_DEVICE_FAMILY = 1;
			};
			name = Release;
		};
/* End XCBuildConfiguration section */

/* Begin XCConfigurationList section */
		86491BC82B75398100FF3628 /* Build configuration list for PBXProject "UnsplashFoto" */ = {
			isa = XCConfigurationList;
			buildConfigurations = (
				86491BDF2B75398200FF3628 /* Debug */,
				86491BE02B75398200FF3628 /* Release */,
			);
			defaultConfigurationIsVisible = 0;
			defaultConfigurationName = Release;
		};
		86491BE12B75398200FF3628 /* Build configuration list for PBXNativeTarget "UnsplashFoto" */ = {
			isa = XCConfigurationList;
			buildConfigurations = (
				86491BE22B75398200FF3628 /* Debug */,
				86491BE32B75398200FF3628 /* Release */,
			);
			defaultConfigurationIsVisible = 0;
			defaultConfigurationName = Release;
		};
/* End XCConfigurationList section */
	};
	rootObject = 86491BC52B75398100FF3628 /* Project object */;
}
